
Microsoft Visual Studio Solution File, Format Version 12.00
# Visual Studio Version 17
VisualStudioVersion = 17.0.31903.59
MinimumVisualStudioVersion = 10.0.40219.1
Project("{2150E333-8FDC-42A3-9474-1A3956D46DE8}") = "src", "src", "{827E0CD3-B72D-47B6-A68D-7590B98EB39B}"
EndProject
Project("{2150E333-8FDC-42A3-9474-1A3956D46DE8}") = "UI", "UI", "{BBB7B94B-6E11-D9F1-7BA6-9ECA82DB22BF}"
EndProject
Project("{FAE04EC0-301F-11D3-BF4B-00C04F79EFBC}") = "openvoiceDesktop", "src\UI\openvoiceDesktop\openvoiceDesktop.csproj", "{8A194E00-F7A7-426F-BAB9-AEE874292B84}"
EndProject
Global
	GlobalSection(SolutionConfigurationPlatforms) = preSolution
		Debug|Any CPU = Debug|Any CPU
		Debug|x64 = Debug|x64
		Debug|x86 = Debug|x86
		Release|Any CPU = Release|Any CPU
		Release|x64 = Release|x64
		Release|x86 = Release|x86
	EndGlobalSection
	GlobalSection(ProjectConfigurationPlatforms) = postSolution
		{8A194E00-F7A7-426F-BAB9-AEE874292B84}.Debug|Any CPU.ActiveCfg = Debug|Any CPU
		{8A194E00-F7A7-426F-BAB9-AEE874292B84}.Debug|Any CPU.Build.0 = Debug|Any CPU
		{8A194E00-F7A7-426F-BAB9-AEE874292B84}.Debug|x64.ActiveCfg = Debug|Any CPU
		{8A194E00-F7A7-426F-BAB9-AEE874292B84}.Debug|x64.Build.0 = Debug|Any CPU
		{8A194E00-F7A7-426F-BAB9-AEE874292B84}.Debug|x86.ActiveCfg = Debug|Any CPU
		{8A194E00-F7A7-426F-BAB9-AEE874292B84}.Debug|x86.Build.0 = Debug|Any CPU
		{8A194E00-F7A7-426F-BAB9-AEE874292B84}.Release|Any CPU.ActiveCfg = Release|Any CPU
		{8A194E00-F7A7-426F-BAB9-AEE874292B84}.Release|Any CPU.Build.0 = Release|Any CPU
		{8A194E00-F7A7-426F-BAB9-AEE874292B84}.Release|x64.ActiveCfg = Release|Any CPU
		{8A194E00-F7A7-426F-BAB9-AEE874292B84}.Release|x64.Build.0 = Release|Any CPU
		{8A194E00-F7A7-426F-BAB9-AEE874292B84}.Release|x86.ActiveCfg = Release|Any CPU
		{8A194E00-F7A7-426F-BAB9-AEE874292B84}.Release|x86.Build.0 = Release|Any CPU
	EndGlobalSection
	GlobalSection(SolutionProperties) = preSolution
		HideSolutionNode = FALSE
	EndGlobalSection
	GlobalSection(NestedProjects) = preSolution
		{BBB7B94B-6E11-D9F1-7BA6-9ECA82DB22BF} = {827E0CD3-B72D-47B6-A68D-7590B98EB39B}
		{8A194E00-F7A7-426F-BAB9-AEE874292B84} = {BBB7B94B-6E11-D9F1-7BA6-9ECA82DB22BF}
	EndGlobalSection
EndGlobal
